
Microsoft Visual Studio Solution File, Format Version 12.00
# Visual Studio 15
VisualStudioVersion = 15.0.27004.2010
MinimumVisualStudioVersion = 10.0.40219.1
Project("{FAE04EC0-301F-11D3-BF4B-00C04F79EFBC}") = "splashScreen", "splashScreen\splashScreen.csproj", "{AAC91B09-8162-413E-93F1-D73D36889C8D}"
EndProject
Global
	GlobalSection(SolutionConfigurationPlatforms) = preSolution
		Debug|Any CPU = Debug|Any CPU
		Release|Any CPU = Release|Any CPU
	EndGlobalSection
	GlobalSection(ProjectConfigurationPlatforms) = postSolution
		{AAC91B09-8162-413E-93F1-D73D36889C8D}.Debug|Any CPU.ActiveCfg = Debug|Any CPU
		{AAC91B09-8162-413E-93F1-D73D36889C8D}.Debug|Any CPU.Build.0 = Debug|Any CPU
		{AAC91B09-8162-413E-93F1-D73D36889C8D}.Release|Any CPU.ActiveCfg = Release|Any CPU
		{AAC91B09-8162-413E-93F1-D73D36889C8D}.Release|Any CPU.Build.0 = Release|Any CPU
	EndGlobalSection
	GlobalSection(SolutionProperties) = preSolution
		HideSolutionNode = FALSE
	EndGlobalSection
	GlobalSection(ExtensibilityGlobals) = postSolution
		SolutionGuid = {1E4E2758-6859-484B-9C4D-8426290E5F41}
	EndGlobalSection
EndGlobal
