
Microsoft Visual Studio Solution File, Format Version 12.00
# Visual Studio 15
VisualStudioVersion = 15.0.27004.2010
MinimumVisualStudioVersion = 10.0.40219.1
Project("{FAE04EC0-301F-11D3-BF4B-00C04F79EFBC}") = "InsertDeleteUpdateSearch", "InsertDeleteUpdateSearch\InsertDeleteUpdateSearch.csproj", "{AA2DC0E6-CFFD-486D-A0C4-C0F32B7A3FCA}"
EndProject
Global
	GlobalSection(SolutionConfigurationPlatforms) = preSolution
		Debug|Any CPU = Debug|Any CPU
		Release|Any CPU = Release|Any CPU
	EndGlobalSection
	GlobalSection(ProjectConfigurationPlatforms) = postSolution
		{AA2DC0E6-CFFD-486D-A0C4-C0F32B7A3FCA}.Debug|Any CPU.ActiveCfg = Debug|Any CPU
		{AA2DC0E6-CFFD-486D-A0C4-C0F32B7A3FCA}.Debug|Any CPU.Build.0 = Debug|Any CPU
		{AA2DC0E6-CFFD-486D-A0C4-C0F32B7A3FCA}.Release|Any CPU.ActiveCfg = Release|Any CPU
		{AA2DC0E6-CFFD-486D-A0C4-C0F32B7A3FCA}.Release|Any CPU.Build.0 = Release|Any CPU
	EndGlobalSection
	GlobalSection(SolutionProperties) = preSolution
		HideSolutionNode = FALSE
	EndGlobalSection
	GlobalSection(ExtensibilityGlobals) = postSolution
		SolutionGuid = {6C54834E-5A7E-403D-A884-77888A04F36F}
	EndGlobalSection
EndGlobal
