
Microsoft Visual Studio Solution File, Format Version 12.00
# Visual Studio 15
VisualStudioVersion = 15.0.27004.2010
MinimumVisualStudioVersion = 10.0.40219.1
Project("{FAE04EC0-301F-11D3-BF4B-00C04F79EFBC}") = "CHRUCH MANEGMENT SYSTEM", "CHRUCH MANEGMENT SYSTEM\CHRUCH MANEGMENT SYSTEM.csproj", "{6CF1627E-2C87-43E0-B942-0DB2560ABAE1}"
EndProject
Global
	GlobalSection(SolutionConfigurationPlatforms) = preSolution
		Debug|Any CPU = Debug|Any CPU
		Release|Any CPU = Release|Any CPU
	EndGlobalSection
	GlobalSection(ProjectConfigurationPlatforms) = postSolution
		{6CF1627E-2C87-43E0-B942-0DB2560ABAE1}.Debug|Any CPU.ActiveCfg = Debug|Any CPU
		{6CF1627E-2C87-43E0-B942-0DB2560ABAE1}.Debug|Any CPU.Build.0 = Debug|Any CPU
		{6CF1627E-2C87-43E0-B942-0DB2560ABAE1}.Release|Any CPU.ActiveCfg = Release|Any CPU
		{6CF1627E-2C87-43E0-B942-0DB2560ABAE1}.Release|Any CPU.Build.0 = Release|Any CPU
	EndGlobalSection
	GlobalSection(SolutionProperties) = preSolution
		HideSolutionNode = FALSE
	EndGlobalSection
	GlobalSection(ExtensibilityGlobals) = postSolution
		SolutionGuid = {A81E6ACA-A601-435F-A649-EDD01E20BB9C}
	EndGlobalSection
EndGlobal
